
Microsoft Visual Studio Solution File, Format Version 12.00
# Visual Studio Version 17
VisualStudioVersion = 17.4.33103.184
MinimumVisualStudioVersion = 10.0.40219.1
Project("{FAE04EC0-301F-11D3-BF4B-00C04F79EFBC}") = "Matem3", "Matem3.csproj", "{7CF5D849-AD3F-4B2D-B832-9FDA2268F883}"
EndProject
Global
	GlobalSection(SolutionConfigurationPlatforms) = preSolution
		Debug|Any CPU = Debug|Any CPU
		Release|Any CPU = Release|Any CPU
	EndGlobalSection
	GlobalSection(ProjectConfigurationPlatforms) = postSolution
		{7CF5D849-AD3F-4B2D-B832-9FDA2268F883}.Debug|Any CPU.ActiveCfg = Debug|Any CPU
		{7CF5D849-AD3F-4B2D-B832-9FDA2268F883}.Debug|Any CPU.Build.0 = Debug|Any CPU
		{7CF5D849-AD3F-4B2D-B832-9FDA2268F883}.Release|Any CPU.ActiveCfg = Release|Any CPU
		{7CF5D849-AD3F-4B2D-B832-9FDA2268F883}.Release|Any CPU.Build.0 = Release|Any CPU
	EndGlobalSection
	GlobalSection(SolutionProperties) = preSolution
		HideSolutionNode = FALSE
	EndGlobalSection
	GlobalSection(ExtensibilityGlobals) = postSolution
		SolutionGuid = {C95AB5E7-5DA0-413A-A1A9-EAC6AC1B6A70}
	EndGlobalSection
EndGlobal
