
Microsoft Visual Studio Solution File, Format Version 12.00
# Visual Studio Version 17
VisualStudioVersion = 17.4.33103.184
MinimumVisualStudioVersion = 10.0.40219.1
Project("{FAE04EC0-301F-11D3-BF4B-00C04F79EFBC}") = "ClasswithEvent", "ClasswithEvent.csproj", "{C9AC8CB8-0BEE-4E5A-A7A4-2E3636C3F8E0}"
EndProject
Global
	GlobalSection(SolutionConfigurationPlatforms) = preSolution
		Debug|Any CPU = Debug|Any CPU
		Release|Any CPU = Release|Any CPU
	EndGlobalSection
	GlobalSection(ProjectConfigurationPlatforms) = postSolution
		{C9AC8CB8-0BEE-4E5A-A7A4-2E3636C3F8E0}.Debug|Any CPU.ActiveCfg = Debug|Any CPU
		{C9AC8CB8-0BEE-4E5A-A7A4-2E3636C3F8E0}.Debug|Any CPU.Build.0 = Debug|Any CPU
		{C9AC8CB8-0BEE-4E5A-A7A4-2E3636C3F8E0}.Release|Any CPU.ActiveCfg = Release|Any CPU
		{C9AC8CB8-0BEE-4E5A-A7A4-2E3636C3F8E0}.Release|Any CPU.Build.0 = Release|Any CPU
	EndGlobalSection
	GlobalSection(SolutionProperties) = preSolution
		HideSolutionNode = FALSE
	EndGlobalSection
	GlobalSection(ExtensibilityGlobals) = postSolution
		SolutionGuid = {54A1E177-4C1B-4ADD-BE98-05D89016B43A}
	EndGlobalSection
EndGlobal
